
Microsoft Visual Studio Solution File, Format Version 12.00
# Visual Studio Version 16
VisualStudioVersion = 16.0.28721.148
MinimumVisualStudioVersion = 10.0.40219.1
Project("{FAE04EC0-301F-11D3-BF4B-00C04F79EFBC}") = "Philoso-forks", "Philoso-forks\Philoso-forks.csproj", "{23FB6F0D-F8C3-4BF2-82BA-5B48CF046CFE}"
EndProject
Global
	GlobalSection(SolutionConfigurationPlatforms) = preSolution
		Debug|Any CPU = Debug|Any CPU
		Release|Any CPU = Release|Any CPU
	EndGlobalSection
	GlobalSection(ProjectConfigurationPlatforms) = postSolution
		{23FB6F0D-F8C3-4BF2-82BA-5B48CF046CFE}.Debug|Any CPU.ActiveCfg = Debug|Any CPU
		{23FB6F0D-F8C3-4BF2-82BA-5B48CF046CFE}.Debug|Any CPU.Build.0 = Debug|Any CPU
		{23FB6F0D-F8C3-4BF2-82BA-5B48CF046CFE}.Release|Any CPU.ActiveCfg = Release|Any CPU
		{23FB6F0D-F8C3-4BF2-82BA-5B48CF046CFE}.Release|Any CPU.Build.0 = Release|Any CPU
	EndGlobalSection
	GlobalSection(SolutionProperties) = preSolution
		HideSolutionNode = FALSE
	EndGlobalSection
	GlobalSection(ExtensibilityGlobals) = postSolution
		SolutionGuid = {9A38B52D-9A38-44A5-A4C8-1B1169E6FABD}
	EndGlobalSection
EndGlobal
